Microsoft Visual Studio Solution File, Format Version 12.00
# Visual Studio Version 17
VisualStudioVersion = 17.5.2.0
MinimumVisualStudioVersion = 10.0.40219.1
Project("{FAE04EC0-301F-11D3-BF4B-00C04F79EFBC}") = "WorkforcePlanner", "WorkforcePlanner.csproj", "{A3C8537C-E05E-78E4-CCC2-0883551C55A9}"
EndProject
Project("{FAE04EC0-301F-11D3-BF4B-00C04F79EFBC}") = "Core", "Core\Core.csproj", "{45010BB7-05A9-41F9-A50C-17794560A012}"
EndProject
Project("{FAE04EC0-301F-11D3-BF4B-00C04F79EFBC}") = "Application", "Application\Application.csproj", "{F8C888ED-5322-42A0-BA89-522BEE0447E5}"
EndProject
Global
	GlobalSection(SolutionConfigurationPlatforms) = preSolution
		Debug|Any CPU = Debug|Any CPU
		Release|Any CPU = Release|Any CPU
	EndGlobalSection
	GlobalSection(ProjectConfigurationPlatforms) = postSolution
		{A3C8537C-E05E-78E4-CCC2-0883551C55A9}.Debug|Any CPU.ActiveCfg = Debug|Any CPU
		{A3C8537C-E05E-78E4-CCC2-0883551C55A9}.Debug|Any CPU.Build.0 = Debug|Any CPU
		{A3C8537C-E05E-78E4-CCC2-0883551C55A9}.Release|Any CPU.ActiveCfg = Release|Any CPU
		{A3C8537C-E05E-78E4-CCC2-0883551C55A9}.Release|Any CPU.Build.0 = Release|Any CPU
		{45010BB7-05A9-41F9-A50C-17794560A012}.Debug|Any CPU.ActiveCfg = Debug|Any CPU
		{45010BB7-05A9-41F9-A50C-17794560A012}.Debug|Any CPU.Build.0 = Debug|Any CPU
		{45010BB7-05A9-41F9-A50C-17794560A012}.Release|Any CPU.ActiveCfg = Release|Any CPU
		{45010BB7-05A9-41F9-A50C-17794560A012}.Release|Any CPU.Build.0 = Release|Any CPU
		{F8C888ED-5322-42A0-BA89-522BEE0447E5}.Debug|Any CPU.ActiveCfg = Debug|Any CPU
		{F8C888ED-5322-42A0-BA89-522BEE0447E5}.Debug|Any CPU.Build.0 = Debug|Any CPU
		{F8C888ED-5322-42A0-BA89-522BEE0447E5}.Release|Any CPU.ActiveCfg = Release|Any CPU
		{F8C888ED-5322-42A0-BA89-522BEE0447E5}.Release|Any CPU.Build.0 = Release|Any CPU
	EndGlobalSection
	GlobalSection(SolutionProperties) = preSolution
		HideSolutionNode = FALSE
	EndGlobalSection
	GlobalSection(ExtensibilityGlobals) = postSolution
		SolutionGuid = {80C4EDB0-5161-4877-8A7E-22A731391B27}
	EndGlobalSection
EndGlobal
